
Microsoft Visual Studio Solution File, Format Version 12.00
# Visual Studio Version 17
VisualStudioVersion = 17.14.36203.30 d17.14
MinimumVisualStudioVersion = 10.0.40219.1
Project("{FAE04EC0-301F-11D3-BF4B-00C04F79EFBC}") = "BlazorLocalizationDemo", "BlazorLocalizationDemo.csproj", "{83A017E7-E776-41E4-AB37-AA14B397F72C}"
EndProject
Global
	GlobalSection(SolutionConfigurationPlatforms) = preSolution
		Debug|Any CPU = Debug|Any CPU
		Release|Any CPU = Release|Any CPU
	EndGlobalSection
	GlobalSection(ProjectConfigurationPlatforms) = postSolution
		{83A017E7-E776-41E4-AB37-AA14B397F72C}.Debug|Any CPU.ActiveCfg = Debug|Any CPU
		{83A017E7-E776-41E4-AB37-AA14B397F72C}.Debug|Any CPU.Build.0 = Debug|Any CPU
		{83A017E7-E776-41E4-AB37-AA14B397F72C}.Release|Any CPU.ActiveCfg = Release|Any CPU
		{83A017E7-E776-41E4-AB37-AA14B397F72C}.Release|Any CPU.Build.0 = Release|Any CPU
	EndGlobalSection
	GlobalSection(SolutionProperties) = preSolution
		HideSolutionNode = FALSE
	EndGlobalSection
	GlobalSection(ExtensibilityGlobals) = postSolution
		SolutionGuid = {5CF81803-790A-4877-87B0-91C150242878}
	EndGlobalSection
EndGlobal
